
Microsoft Visual Studio Solution File, Format Version 12.00
# Visual Studio Version 17
VisualStudioVersion = 17.6.33723.286
MinimumVisualStudioVersion = 10.0.40219.1
Project("{FAE04EC0-301F-11D3-BF4B-00C04F79EFBC}") = "uchilishte", "uchilishte\uchilishte.csproj", "{C44515C6-611F-46D3-8876-2AA378FA8DB1}"
EndProject
Global
	GlobalSection(SolutionConfigurationPlatforms) = preSolution
		Debug|Any CPU = Debug|Any CPU
		Release|Any CPU = Release|Any CPU
	EndGlobalSection
	GlobalSection(ProjectConfigurationPlatforms) = postSolution
		{C44515C6-611F-46D3-8876-2AA378FA8DB1}.Debug|Any CPU.ActiveCfg = Debug|Any CPU
		{C44515C6-611F-46D3-8876-2AA378FA8DB1}.Debug|Any CPU.Build.0 = Debug|Any CPU
		{C44515C6-611F-46D3-8876-2AA378FA8DB1}.Release|Any CPU.ActiveCfg = Release|Any CPU
		{C44515C6-611F-46D3-8876-2AA378FA8DB1}.Release|Any CPU.Build.0 = Release|Any CPU
	EndGlobalSection
	GlobalSection(SolutionProperties) = preSolution
		HideSolutionNode = FALSE
	EndGlobalSection
	GlobalSection(ExtensibilityGlobals) = postSolution
		SolutionGuid = {2A9BD1F0-41CE-429E-86E5-722AA82CC9BE}
	EndGlobalSection
EndGlobal
